{
    "_meta": {
        "hash": {
            "sha256": "852f71ae123b660a4f63eba51024a406a7deedd05f5d74361162d77631011b3d"
        },
        "pipfile-spec": 6,
        "requires": {},
        "sources": [
            {
                "name": "pypi",
                "url": "https://pypi.org/simple",
                "verify_ssl": true
            }
        ]
    },
    "default": {
        "ac-library-python": {
            "git": "https://github.com/not522/ac-library-python",
            "ref": "27fdbb71cd0d566bdeb12746db59c9d908c6b5d5"
        },
        "colorama": {
            "hashes": [
                "sha256:08695f5cb7ed6e0531a20572697297273c47b8cae5a63ffc6d6ed5c201be6e44",
                "sha256:4f1d9991f5acc0ca119f9d443620b77f9d6b33703e51011c16baf57afb285fc6"
            ],
            "index": "pypi",
            "markers": "python_version >= '2.7' and python_version not in '3.0, 3.1, 3.2, 3.3, 3.4, 3.5, 3.6'",
            "version": "==0.4.6"
        },
        "greenlet": {
            "hashes": [
                "sha256:0232ae1de90a8e07867bb127d7a6ba2301e859145489f25cda8a6096dabe1d20",
                "sha256:07bd44616608d873d06735b63ef1a88191d6ca57c8d291d6559c71bc14c0893c",
                "sha256:08fc36de8442d5c3e95b044550dbea9bf144d31ec0cc58e36fb241cb6ef6a994",
                "sha256:0fa53040b78b578120eecdc0265e3f1051487cc425d11a2b7c761daadf4feaa8",
                "sha256:123aa379c962ed5fe90a880327e0c3066124ac64ec99e12a238be9fd8eb3db3d",
                "sha256:12cda9122e03341f1cb6b8207a19d7a9d375e52f1b4e9243918375f40fd7b4b9",
                "sha256:13b980043cb1b3134e81ea469da1250ddcc6bfe6d245bbaa59168d9cdc8f228f",
                "sha256:178111881dd7a6c946471fda85485ec796e1043c2b939f694b096e2ecf986809",
                "sha256:1833637f17d5e7472548a48575c394fe39f1b1890d676d162d86593610f44d8c",
                "sha256:188e4d142f243051d92a1f5c244a741da02dddc070a0620c842804d7b56d008c",
                "sha256:1e1a4a684b16c45ba324e60b32a4386a87722bcb815d2a149d2182f9b401ca72",
                "sha256:1f17e362d78e37559e0506c5a7d066bdd45073c36a0127a543e8a0df27242ff3",
                "sha256:24e61b88cb7e1b1d794b32a10cc346ac779681d6d74ff137a3e0a444d2bf1f02",
                "sha256:27d3f00718634d4520a3a150154ac5da36f257869d41321953375b90bfbbc72c",
                "sha256:2a924f15d17957e252a810acefcb5942f5ca712298e8b6fcaed9a307d357522c",
                "sha256:2cdaadc3d31445a8f782bde3cd37e49a2c2a9c6da6daf76a3e34c683b271a3c7",
                "sha256:2ffbc533e0eaf8e80d8471411646ab88fe58f641d508c0b02b24494479f4d9ec",
                "sha256:305f69e6c4523d7f6979ed001cff4e5853c063e5da04880296603aa0227e544c",
                "sha256:32802705c2c1ff25e8237b3bdacf2594fa02be80af8a66703eb7853ea7e68686",
                "sha256:3529a8a933582ad19e224792cac7372489526576b75b4c124e8e4f29948f4861",
                "sha256:39169a11d87a6a263afda3e9a27d1df16d0f919d40a4837cc73986c9884c0dd8",
                "sha256:394de08dad5ffcb1f50c2159d93e398d9d2da3ed437645eaa54771fa720db9f0",
                "sha256:3d66250e8b09f182ede05490998c818b5961f7a3640332d44c4927caec7bbfe4",
                "sha256:3ef964f56dfcb6f9bbef2a190d9126795eac408716aeae47b5e7c73c32aafca9",
                "sha256:41ddab54e4b238f4a6c323f39b4e59e176affd5a94d461a9fb7583dac74240a3",
                "sha256:42afdc1ab5f66da8c586c32af9224a74a706b4f0ea0dc3a4188a0860a09c65c9",
                "sha256:4ab9f0704bccf6d3b38e0d2130b7b33271cff11453690da074fa280c3aa8e8e7",
                "sha256:57aa201b351f7c7c75627c60d29e4d5b97a07d37efeb62b903466fca42c097d7",
                "sha256:58023945f421093de5e6fa108c0985a8659d43f49e0216da25099369a121bcbd",
                "sha256:60149df8f462d1b230038e6590c23c3b4768bb5d6c022b3b6e82532b34b0b8a3",
                "sha256:60e0bc961d367df506660e9ac0177a76bc6d81305300704b0977d1634f76efe2",
                "sha256:69173331fbc5d64bfac0065d7e22c39cfcd089e9b18d125bdcd5079363b09616",
                "sha256:70bdfacdc183dac838b2a0aaff2dd6134a457c52fe68a9c6bbab435483d2b9df",
                "sha256:73b37afe369021423ea53dd3123e04bffa7e93ac64429b9f50835b2e4fcae7cf",
                "sha256:77d6ce04fed0d9aeed42e0f37923cc43eba9b027bdd9c34546bb4ccd143d0fe0",
                "sha256:791fdfeeb9c6e0c7b10fa151bf110d2a6974866f13dcb5b1c7efae698245893a",
                "sha256:7c1303791d603080cac6fc3b34df51c3b75b723739c282c8029e48a0d241672f",
                "sha256:7e8afa5eac028f8140ceafe5ceec66e6aa127ddcb21452d2a564dcd2900b5f22",
                "sha256:870d730fec833f5a06906a32596cc099b9161594642a92a520b7a88911c95356",
                "sha256:89f3738167bab8c1084b94e23023d41d247117ac149fa0fbcb5bd4cf6262b353",
                "sha256:91c26423753b92caf41ab3f98fd547d7374d4d9fc2d85be041886c1579d9255e",
                "sha256:9667862a2e38ad379f11b845daeda22c8989186def44f06962c9c4c05e556da7",
                "sha256:99e8f8c4ebc4fd80aa26c1280ae9ad43a0976e786349703a181cf0bae60413e5",
                "sha256:9c53ff01a5c53a40f2c16820ebc56d7c61a77f5fbe009dadd96292d5682f80f8",
                "sha256:9f1467de1bb767f75db0aa34c195e3a496d8d1278c796e70c24ce205d3e99cde",
                "sha256:a2d614cb2372c7101a12ea8b96dd56f81c986d247c5a73db67063f3ed1ca4a52",
                "sha256:ac5bf81d79d2c8eeb2ef6359b2e1687a1e9ebf46c2b1f970da9a9255df51d190",
                "sha256:adf2244d7f69409925a8f22ed22cc5f93cdfe5c9dc87ff3476be2c2aaae61a05",
                "sha256:ae53534b5dec0f4c2ec26f898f538dc8ea1ca3ef2927d597a9439e40a09da937",
                "sha256:b3dabe3e2809013052c68bdf0b7fa5f5f2859c43a80803131ad61af9cabd7867",
                "sha256:b7a5f095767c4493afcd06067f2bb3b8716e3f3f9e92b99c88e7e99f885b3d4d",
                "sha256:b7c895310363f310361e0fe2072af85269d2a2a285cd04c0c59e79a5e3670dcf",
                "sha256:bae2728e1897aa8df8cb1af38cd48b3a743aefe29372de7b8b7a9f532501e69f",
                "sha256:bd3d1145f603b2db19feb9078c2e6855eb7c67e15580c010ed815cee519b86fd",
                "sha256:c38c902a0986eba1f6e7ba1ab39ad5195926abde90f3fe080e08212db62176da",
                "sha256:c3fe76c2cac86b4f7a1e92865ac0a54384deb05c92986287c1a7110d9bd53071",
                "sha256:c883d61f2282d72c767a14936641b3efcbde9d82f1080712aaea0b1d3126cb88",
                "sha256:c90e930c9c192e5b3ee9fb8bcd920ea3926155e2e3ded39fc697323addecee17",
                "sha256:ca5726c0b08ca35ae873557266a78b2c3f3b2b7d7401aa5ff886c2045dd0111c",
                "sha256:cbd60b5763c6543c1827e48faaf14ea9bfbad245f52b1a4d76a2a2d8884c6c66",
                "sha256:cd320d998cbaa032932830448e39abf3c6a12901295e386e8114db926e10cffb",
                "sha256:cef589bc65fae02d10bca2ac341191c5b33acc2967892ebf4fcbd10eabb7a74c",
                "sha256:d83ae0e32d14957ab7170785a20f582635c8474deab1bfbb552b17e769a6ce25",
                "sha256:d84d993f6e575c950d91a23c1345d18fe1a4310d447bf630849d7809196b52f0",
                "sha256:d92df08dd65fede97fc37aad36c2e9dcda3b31c467f8e0c2c096456cb818e927",
                "sha256:dc418cf4c873357964d6624445ed09472e50def990c65dd4e76fc3ba8cd9cef6",
                "sha256:dfc41ae893d9ceaf22c824f2153a88b30651b20e8758c2cd9ac143f23640563c",
                "sha256:e849e6e139b9671adeac505f72fc05f4af7fd1921faef40295e214fc3b361b59",
                "sha256:e883de250e299654b1f1680f72a1a9f9ba62c9bd1bce84099c90657349a8dfbb",
                "sha256:e9a5e3406e3ed8125ae1a3b37c12f3434e2b1f0fa053197c5557895b4fb09606",
                "sha256:ec5ff0d1878df6af3bf9b638a5a92a7d5693291de77c91bff10fa48519c604ef",
                "sha256:ecca4d80d55a01ad6b23b33262662956149fbb7b2c6be2910f1705921958cbf3",
                "sha256:ed17e5f3420360d5b459de8462efb52060399a5326a613d4cde31cef63ef95da",
                "sha256:ee032b91fd8ec29ec6c4cea2b8c561b178435134bd0752c7334b94e9c736c132",
                "sha256:f00f910f0e7b35416c63b23ad78b769aeccfc1775f712b43c4ee525624a2eef7",
                "sha256:f260930bbbbcf9caee661211235a5111c86dfe5832fdf6ae4570da1e0995320f",
                "sha256:f680e549edb3eaf21eea4e7fe101e15ec180c74b7879ab46adc080f22d4015d2",
                "sha256:f88193799d43dbf8c8a806d6405c9c52fe2af40bf75072a606357b33cc336c7f",
                "sha256:f908898d6fa484ce4b6f447ce70ea99b52c503fee419e53cf74d60a16bc9e667"
            ],
            "markers": "python_version >= '3.10'",
            "version": "==3.5.4"
        },
        "playwright": {
            "hashes": [
                "sha256:5108bd5b3e87169ddf269feee097da5893af7f8aea4634dfc840518d64c1f1da",
                "sha256:92c0d98ed04eb35af557b709875edba415b1f548bdb22ddb5bb3e1e6c835c2f1",
                "sha256:ba33bae6a13b3d9d354c751cb618af357d20fe1d57767cbcce52079bbef17ad3",
                "sha256:d8da938f3748841a8754f2e1f0216902c1c8f8ae3720de8b32ccf8e6913a7c4f",
                "sha256:db2d76613a57ad844362ce42f7d0c2fa26b19a4f7a46d4f76b891c631e6e5aff",
                "sha256:db755ab27db21a04186f1fe8169888e42356086e439b1059b923ef417f0b6034",
                "sha256:e5614fa89355d7081457680324bb219f79f69c423c5cb6fa250e30b0d8aebf1c",
                "sha256:ea8d3055aa9d5a9f1832ac82517bd8b42c78fac7ebcbebb0107116735c8cb6a1"
            ],
            "index": "pypi",
            "markers": "python_version >= '3.10'",
            "version": "==1.62.0"
        },
        "pyee": {
            "hashes": [
                "sha256:0b931f7c14535667ed4c7e0d531716368715e860b988770fc7eb8578d1f67fc8",
                "sha256:af2f8fede4171ef667dfded53f96e2ed0d6e6bd7ee3bb46437f77e3b57689228"
            ],
            "markers": "python_version >= '3.8'",
            "version": "==13.0.1"
        },
        "sortedcontainers": {
            "hashes": [
                "sha256:25caa5a06cc30b6b83d11423433f65d1f9d76c4c6a0c90e3379eaa43b9bfdb88",
                "sha256:a163dcaede0f1c021485e957a39245190e74249897e2ae4b2aa38595db237ee0"
            ],
            "index": "pypi",
            "version": "==2.4.0"
        },
        "typing-extensions": {
            "hashes": [
                "sha256:481caa481374e813c1b176ada14e97f1f67a4539ce9cfeb3f350d78d6370c2e8",
                "sha256:dc983d19a509c94dba722ee6abd33940f7c05a89e243c47e907eb4db6f1a43e5"
            ],
            "markers": "python_version >= '3.9'",
            "version": "==4.16.0"
        }
    },
    "develop": {
        "mypy": {
            "hashes": [
                "sha256:1124a18bc11a6a62887e3e137f37f53fbae476dc36c185d549d4f837a2a6a14e",
                "sha256:171a9ca9a40cd1843abeca0e405bc1940cd9b305eaeea2dda769ba096932bb22",
                "sha256:1905f494bfd7d85a23a88c5d97840888a7bd516545fc5aaedff0267e0bb54e2f",
                "sha256:1fbb8da62dc352133d7d7ca90ed2fb0e9d42bb1a32724c287d3c76c58cbaa9c2",
                "sha256:2922d42e16d6de288022e5ca321cd0618b238cfc5570e0263e5ba0a77dbef56f",
                "sha256:2e2c2e6d3593f6451b18588848e66260ff62ccca522dd231cd4dd59b0160668b",
                "sha256:2ee2d57e01a7c35de00f4634ba1bbf015185b219e4dc5909e281016df43f5ee5",
                "sha256:2f2147ab812b75e5b5499b01ade1f4a81489a147c01585cda36019102538615f",
                "sha256:404534629d51d3efea5c800ee7c42b72a6554d6c400e6a79eafe15d11341fd43",
                "sha256:5469affef548bd1895d86d3bf10ce2b44e33d86923c29e4d675b3e323437ea3e",
                "sha256:5a95fb17c13e29d2d5195869262f8125dfdb5c134dc8d9a9d0aecf7525b10c2c",
                "sha256:6983aae8b2f653e098edb77f893f7b6aca69f6cffb19b2cc7443f23cce5f4828",
                "sha256:712e962a6357634fef20412699a3655c610110e01cdaa6180acec7fc9f8513ba",
                "sha256:8023ff13985661b50a5928fc7a5ca15f3d1affb41e5f0a9952cb68ef090b31ee",
                "sha256:811aeccadfb730024c5d3e326b2fbe9249bb7413553f15499a4050f7c30e801d",
                "sha256:8f8722560a14cde92fdb1e31597760dc35f9f5524cce17836c0d22841830fd5b",
                "sha256:93faf3fdb04768d44bf28693293f3904bbb555d076b781ad2530214ee53e3445",
                "sha256:973500e0774b85d9689715feeffcc980193086551110fd678ebe1f4342fb7c5e",
                "sha256:979e4e1a006511dacf628e36fadfecbcc0160a8af6ca7dad2f5025529e082c13",
                "sha256:98b7b9b9aedb65fe628c62a6dc57f6d5088ef2dfca37903a7d9ee374d03acca5",
                "sha256:aea39e0583d05124836ea645f412e88a5c7d0fd77a6d694b60d9b6b2d9f184fd",
                "sha256:b9378e2c00146c44793c98b8d5a61039a048e31f429fb0eb546d93f4b000bedf",
                "sha256:baefc32840a9f00babd83251560e0ae1573e2f9d1b067719479bfb0e987c6357",
                "sha256:be68172e9fd9ad8fb876c6389f16d1c1b5f100ffa779f77b1fb2176fcc9ab95b",
                "sha256:c43a7682e24b4f576d93072216bf56eeff70d9140241f9edec0c104d0c515036",
                "sha256:c4bb0e1bd29f7d34efcccd71cf733580191e9a264a2202b0239da95984c5b559",
                "sha256:c7be1e46525adfa0d97681432ee9fcd61a3964c2446795714699a998d193f1a3",
                "sha256:c9817fa23833ff189db061e6d2eff49b2f3b6ed9856b4a0a73046e41932d744f",
                "sha256:ce436f4c6d218a070048ed6a44c0bbb10cd2cc5e272b29e7845f6a2f57ee4464",
                "sha256:d10d994b41fb3497719bbf866f227b3489048ea4bbbb5015357db306249f7980",
                "sha256:e601a7fa172c2131bff456bb3ee08a88360760d0d2f8cbd7a75a65497e2df078",
                "sha256:f95579473af29ab73a10bada2f9722856792a36ec5af5399b653aa28360290a5"
            ],
            "index": "pypi",
            "markers": "python_version >= '3.9'",
            "version": "==1.15.0"
        },
        "mypy-extensions": {
            "hashes": [
                "sha256:4392f6c0eb8a5668a69e23d168ffa70f0be9ccfd32b5cc2d26a34ae5b844552d",
                "sha256:75dbf8955dc00442a438fc4d0666508a9a97b6bd41aa2f0ffe9d2f2725af0782"
            ],
            "markers": "python_version >= '3.5'",
            "version": "==1.0.0"
        },
        "ruff": {
            "hashes": [
                "sha256:049a191969a10897fe052ef9cc7491b3ef6de79acd7790af7d7897b7a9bfbcb6",
                "sha256:1bc09a7419e09662983b1312f6fa5dab829d6ab5d11f18c3760be7ca521c9329",
                "sha256:3191e9116b6b5bbe187447656f0c8526f0d36b6fd89ad78ccaad6bdc2fad7df2",
                "sha256:38c23fd9bdec4eb437b4c1e3595905a0a8edfccd63a790f818b28c78fe345639",
                "sha256:3c3156d3f4b42e57247275a0a7e15a851c165a4fc89c5e8fa30ea6da4f7407b8",
                "sha256:490b1e147c1260545f6d041c4092483e3f6d8eba81dc2875eaebcf9140b53905",
                "sha256:6fbb2aed66fe742a6a3a0075ed467a459b7cedc5ae01008340075909d819df1e",
                "sha256:7c8661b0be91a38bd56db593e9331beaf9064a79028adee2d5f392674bbc5e88",
                "sha256:868364fc23f5aa122b00c6f794211e85f7e78f5dffdf7c590ab90b8c4e69b657",
                "sha256:92c0c1ff014351c0b0cdfdb1e35fa83b780f1e065667167bb9502d47ca41e6db",
                "sha256:96bc89a5c5fd21a04939773f9e0e276308be0935de06845110f43fd5c2e4ead7",
                "sha256:a9352b9d767889ec5df1483f94870564e8102d4d7e99da52ebf564b882cdc2c7",
                "sha256:b6c0e8d3d2db7e9f6efd884f44b8dc542d5b6b590fc4bb334fdbc624d93a29a2",
                "sha256:bcfa478daf61ac8002214eb2ca5f3e9365048506a9d52b11bea3ecea822bb844",
                "sha256:c58bfa00e740ca0a6c43d41fb004cd22d165302f360aaa56f7126d544db31a21",
                "sha256:dc67e32bc3b29557513eb7eeabb23efdb25753684b913bebb8a0c62495095acb",
                "sha256:e4fd5ff5de5f83e0458a138e8a869c7c5e907541aec32b707f57cf9a5e124445",
                "sha256:e55c620690a4a7ee6f1cccb256ec2157dc597d109400ae75bbf944fc9d6462e2"
            ],
            "index": "pypi",
            "markers": "python_version >= '3.7'",
            "version": "==0.11.0"
        },
        "typing-extensions": {
            "hashes": [
                "sha256:04e5ca0351e0f3f85c6853954072df659d0d13fac324d0072316b67d7794700d",
                "sha256:1a7ead55c7e559dd4dee8856e3a88b41225abfe1ce8df57b7c13915fe121ffb8"
            ],
            "markers": "python_version >= '3.8'",
            "version": "==4.12.2"
        }
    }
}
